
Microsoft Visual Studio Solution File, Format Version 12.00
# Visual Studio 15
VisualStudioVersion = 15.0.28307.757
MinimumVisualStudioVersion = 10.0.40219.1
Project("{FAE04EC0-301F-11D3-BF4B-00C04F79EFBC}") = "ImageResizer.Plugins.AzureBlobStorageCache", "ImageResizer.Plugins.AzureBlobStorageCache.csproj", "{FED15F84-4ECF-44D5-8628-3B9921529CC0}"
EndProject
Global
	GlobalSection(SolutionConfigurationPlatforms) = preSolution
		Debug|Any CPU = Debug|Any CPU
		Release|Any CPU = Release|Any CPU
	EndGlobalSection
	GlobalSection(ProjectConfigurationPlatforms) = postSolution
		{FED15F84-4ECF-44D5-8628-3B9921529CC0}.Debug|Any CPU.ActiveCfg = Debug|Any CPU
		{FED15F84-4ECF-44D5-8628-3B9921529CC0}.Debug|Any CPU.Build.0 = Debug|Any CPU
		{FED15F84-4ECF-44D5-8628-3B9921529CC0}.Release|Any CPU.ActiveCfg = Release|Any CPU
		{FED15F84-4ECF-44D5-8628-3B9921529CC0}.Release|Any CPU.Build.0 = Release|Any CPU
	EndGlobalSection
	GlobalSection(SolutionProperties) = preSolution
		HideSolutionNode = FALSE
	EndGlobalSection
	GlobalSection(ExtensibilityGlobals) = postSolution
		SolutionGuid = {FCD40010-CF3C-4541-9175-E08E9A99F5F9}
	EndGlobalSection
EndGlobal
